
Microsoft Visual Studio Solution File, Format Version 12.00
# Visual Studio Version 17
VisualStudioVersion = 17.0.31903.59
MinimumVisualStudioVersion = 10.0.40219.1
Project("{2150E333-8FDC-42A3-9474-1A3956D46DE8}") = "backend", "backend", "{1AE8ACA6-933B-BF2A-3671-3E2EAC007D16}"
EndProject
Project("{2150E333-8FDC-42A3-9474-1A3956D46DE8}") = "Api", "Api", "{F5770A5D-1764-CA48-906B-8D098984A6C2}"
EndProject
Project("{FAE04EC0-301F-11D3-BF4B-00C04F79EFBC}") = "MediaDownloader.Api", "backend\Api\MediaDownloader.Api.csproj", "{E70412BD-A843-4A3A-BB44-9BE750151FC9}"
EndProject
Project("{2150E333-8FDC-42A3-9474-1A3956D46DE8}") = "Domain", "Domain", "{E207081A-50CB-EAEE-EA3C-82FAA7B89B45}"
EndProject
Project("{FAE04EC0-301F-11D3-BF4B-00C04F79EFBC}") = "MediaDownloader.Domain", "backend\Domain\MediaDownloader.Domain.csproj", "{5FAAEAD1-091D-4D8B-8A89-C1122AC7C10C}"
EndProject
Project("{2150E333-8FDC-42A3-9474-1A3956D46DE8}") = "Runners", "Runners", "{71FEF636-B4C0-04BE-5097-74DAD1153679}"
EndProject
Project("{FAE04EC0-301F-11D3-BF4B-00C04F79EFBC}") = "MediaDownloader.Runners", "backend\Runners\MediaDownloader.Runners.csproj", "{C5DE01F0-76E1-4EE8-A35E-A2BE80B526E8}"
EndProject
Project("{2150E333-8FDC-42A3-9474-1A3956D46DE8}") = "Application", "Application", "{33FD244D-51BC-CAC7-0C9F-80EE60BF9967}"
EndProject
Project("{FAE04EC0-301F-11D3-BF4B-00C04F79EFBC}") = "MediaDownloader.Application", "backend\Application\MediaDownloader.Application.csproj", "{2DB7B738-3D4D-4734-A875-8C7A2EF58C5B}"
EndProject
Global
	GlobalSection(SolutionConfigurationPlatforms) = preSolution
		Debug|Any CPU = Debug|Any CPU
		Debug|x64 = Debug|x64
		Debug|x86 = Debug|x86
		Release|Any CPU = Release|Any CPU
		Release|x64 = Release|x64
		Release|x86 = Release|x86
	EndGlobalSection
	GlobalSection(ProjectConfigurationPlatforms) = postSolution
		{E70412BD-A843-4A3A-BB44-9BE750151FC9}.Debug|Any CPU.ActiveCfg = Debug|Any CPU
		{E70412BD-A843-4A3A-BB44-9BE750151FC9}.Debug|Any CPU.Build.0 = Debug|Any CPU
		{E70412BD-A843-4A3A-BB44-9BE750151FC9}.Debug|x64.ActiveCfg = Debug|Any CPU
		{E70412BD-A843-4A3A-BB44-9BE750151FC9}.Debug|x64.Build.0 = Debug|Any CPU
		{E70412BD-A843-4A3A-BB44-9BE750151FC9}.Debug|x86.ActiveCfg = Debug|Any CPU
		{E70412BD-A843-4A3A-BB44-9BE750151FC9}.Debug|x86.Build.0 = Debug|Any CPU
		{E70412BD-A843-4A3A-BB44-9BE750151FC9}.Release|Any CPU.ActiveCfg = Release|Any CPU
		{E70412BD-A843-4A3A-BB44-9BE750151FC9}.Release|Any CPU.Build.0 = Release|Any CPU
		{E70412BD-A843-4A3A-BB44-9BE750151FC9}.Release|x64.ActiveCfg = Release|Any CPU
		{E70412BD-A843-4A3A-BB44-9BE750151FC9}.Release|x64.Build.0 = Release|Any CPU
		{E70412BD-A843-4A3A-BB44-9BE750151FC9}.Release|x86.ActiveCfg = Release|Any CPU
		{E70412BD-A843-4A3A-BB44-9BE750151FC9}.Release|x86.Build.0 = Release|Any CPU
		{5FAAEAD1-091D-4D8B-8A89-C1122AC7C10C}.Debug|Any CPU.ActiveCfg = Debug|Any CPU
		{5FAAEAD1-091D-4D8B-8A89-C1122AC7C10C}.Debug|Any CPU.Build.0 = Debug|Any CPU
		{5FAAEAD1-091D-4D8B-8A89-C1122AC7C10C}.Debug|x64.ActiveCfg = Debug|Any CPU
		{5FAAEAD1-091D-4D8B-8A89-C1122AC7C10C}.Debug|x64.Build.0 = Debug|Any CPU
		{5FAAEAD1-091D-4D8B-8A89-C1122AC7C10C}.Debug|x86.ActiveCfg = Debug|Any CPU
		{5FAAEAD1-091D-4D8B-8A89-C1122AC7C10C}.Debug|x86.Build.0 = Debug|Any CPU
		{5FAAEAD1-091D-4D8B-8A89-C1122AC7C10C}.Release|Any CPU.ActiveCfg = Release|Any CPU
		{5FAAEAD1-091D-4D8B-8A89-C1122AC7C10C}.Release|Any CPU.Build.0 = Release|Any CPU
		{5FAAEAD1-091D-4D8B-8A89-C1122AC7C10C}.Release|x64.ActiveCfg = Release|Any CPU
		{5FAAEAD1-091D-4D8B-8A89-C1122AC7C10C}.Release|x64.Build.0 = Release|Any CPU
		{5FAAEAD1-091D-4D8B-8A89-C1122AC7C10C}.Release|x86.ActiveCfg = Release|Any CPU
		{5FAAEAD1-091D-4D8B-8A89-C1122AC7C10C}.Release|x86.Build.0 = Release|Any CPU
		{C5DE01F0-76E1-4EE8-A35E-A2BE80B526E8}.Debug|Any CPU.ActiveCfg = Debug|Any CPU
		{C5DE01F0-76E1-4EE8-A35E-A2BE80B526E8}.Debug|Any CPU.Build.0 = Debug|Any CPU
		{C5DE01F0-76E1-4EE8-A35E-A2BE80B526E8}.Debug|x64.ActiveCfg = Debug|Any CPU
		{C5DE01F0-76E1-4EE8-A35E-A2BE80B526E8}.Debug|x64.Build.0 = Debug|Any CPU
		{C5DE01F0-76E1-4EE8-A35E-A2BE80B526E8}.Debug|x86.ActiveCfg = Debug|Any CPU
		{C5DE01F0-76E1-4EE8-A35E-A2BE80B526E8}.Debug|x86.Build.0 = Debug|Any CPU
		{C5DE01F0-76E1-4EE8-A35E-A2BE80B526E8}.Release|Any CPU.ActiveCfg = Release|Any CPU
		{C5DE01F0-76E1-4EE8-A35E-A2BE80B526E8}.Release|Any CPU.Build.0 = Release|Any CPU
		{C5DE01F0-76E1-4EE8-A35E-A2BE80B526E8}.Release|x64.ActiveCfg = Release|Any CPU
		{C5DE01F0-76E1-4EE8-A35E-A2BE80B526E8}.Release|x64.Build.0 = Release|Any CPU
		{C5DE01F0-76E1-4EE8-A35E-A2BE80B526E8}.Release|x86.ActiveCfg = Release|Any CPU
		{C5DE01F0-76E1-4EE8-A35E-A2BE80B526E8}.Release|x86.Build.0 = Release|Any CPU
		{2DB7B738-3D4D-4734-A875-8C7A2EF58C5B}.Debug|Any CPU.ActiveCfg = Debug|Any CPU
		{2DB7B738-3D4D-4734-A875-8C7A2EF58C5B}.Debug|Any CPU.Build.0 = Debug|Any CPU
		{2DB7B738-3D4D-4734-A875-8C7A2EF58C5B}.Debug|x64.ActiveCfg = Debug|Any CPU
		{2DB7B738-3D4D-4734-A875-8C7A2EF58C5B}.Debug|x64.Build.0 = Debug|Any CPU
		{2DB7B738-3D4D-4734-A875-8C7A2EF58C5B}.Debug|x86.ActiveCfg = Debug|Any CPU
		{2DB7B738-3D4D-4734-A875-8C7A2EF58C5B}.Debug|x86.Build.0 = Debug|Any CPU
		{2DB7B738-3D4D-4734-A875-8C7A2EF58C5B}.Release|Any CPU.ActiveCfg = Release|Any CPU
		{2DB7B738-3D4D-4734-A875-8C7A2EF58C5B}.Release|Any CPU.Build.0 = Release|Any CPU
		{2DB7B738-3D4D-4734-A875-8C7A2EF58C5B}.Release|x64.ActiveCfg = Release|Any CPU
		{2DB7B738-3D4D-4734-A875-8C7A2EF58C5B}.Release|x64.Build.0 = Release|Any CPU
		{2DB7B738-3D4D-4734-A875-8C7A2EF58C5B}.Release|x86.ActiveCfg = Release|Any CPU
		{2DB7B738-3D4D-4734-A875-8C7A2EF58C5B}.Release|x86.Build.0 = Release|Any CPU
	EndGlobalSection
	GlobalSection(SolutionProperties) = preSolution
		HideSolutionNode = FALSE
	EndGlobalSection
	GlobalSection(NestedProjects) = preSolution
		{F5770A5D-1764-CA48-906B-8D098984A6C2} = {1AE8ACA6-933B-BF2A-3671-3E2EAC007D16}
		{E70412BD-A843-4A3A-BB44-9BE750151FC9} = {F5770A5D-1764-CA48-906B-8D098984A6C2}
		{E207081A-50CB-EAEE-EA3C-82FAA7B89B45} = {1AE8ACA6-933B-BF2A-3671-3E2EAC007D16}
		{5FAAEAD1-091D-4D8B-8A89-C1122AC7C10C} = {E207081A-50CB-EAEE-EA3C-82FAA7B89B45}
		{71FEF636-B4C0-04BE-5097-74DAD1153679} = {1AE8ACA6-933B-BF2A-3671-3E2EAC007D16}
		{C5DE01F0-76E1-4EE8-A35E-A2BE80B526E8} = {71FEF636-B4C0-04BE-5097-74DAD1153679}
		{33FD244D-51BC-CAC7-0C9F-80EE60BF9967} = {1AE8ACA6-933B-BF2A-3671-3E2EAC007D16}
		{2DB7B738-3D4D-4734-A875-8C7A2EF58C5B} = {33FD244D-51BC-CAC7-0C9F-80EE60BF9967}
	EndGlobalSection
EndGlobal
